
Microsoft Visual Studio Solution File, Format Version 12.00
# Visual Studio Version 16
VisualStudioVersion = 16.0.31911.196
MinimumVisualStudioVersion = 10.0.40219.1
Project("{9A19103F-16F7-4668-BE54-9A1E7A4F7556}") = "MandatoryAssignLib", "MandatoryAssignLib\MandatoryAssignLib.csproj", "{9A893607-4C33-4F2A-8FE0-4B03AB936F04}"
EndProject
Project("{FAE04EC0-301F-11D3-BF4B-00C04F79EFBC}") = "2DGameConsole", "2DGameConsole\2DGameConsole.csproj", "{41392D38-4F59-4219-B618-DB37DE0EE790}"
EndProject
Global
	GlobalSection(SolutionConfigurationPlatforms) = preSolution
		Debug|Any CPU = Debug|Any CPU
		Release|Any CPU = Release|Any CPU
	EndGlobalSection
	GlobalSection(ProjectConfigurationPlatforms) = postSolution
		{9A893607-4C33-4F2A-8FE0-4B03AB936F04}.Debug|Any CPU.ActiveCfg = Debug|Any CPU
		{9A893607-4C33-4F2A-8FE0-4B03AB936F04}.Debug|Any CPU.Build.0 = Debug|Any CPU
		{9A893607-4C33-4F2A-8FE0-4B03AB936F04}.Release|Any CPU.ActiveCfg = Release|Any CPU
		{9A893607-4C33-4F2A-8FE0-4B03AB936F04}.Release|Any CPU.Build.0 = Release|Any CPU
		{41392D38-4F59-4219-B618-DB37DE0EE790}.Debug|Any CPU.ActiveCfg = Debug|Any CPU
		{41392D38-4F59-4219-B618-DB37DE0EE790}.Debug|Any CPU.Build.0 = Debug|Any CPU
		{41392D38-4F59-4219-B618-DB37DE0EE790}.Release|Any CPU.ActiveCfg = Release|Any CPU
		{41392D38-4F59-4219-B618-DB37DE0EE790}.Release|Any CPU.Build.0 = Release|Any CPU
	EndGlobalSection
	GlobalSection(SolutionProperties) = preSolution
		HideSolutionNode = FALSE
	EndGlobalSection
	GlobalSection(ExtensibilityGlobals) = postSolution
		SolutionGuid = {575AEFA3-F858-4578-9B7B-0A08002C3A50}
	EndGlobalSection
EndGlobal
